{
    "hash": "5b7b51983359a6c709a4906ee2043939",
    "packages": [
        {
            "package": "TypehintableBehavior",
            "version": "master",
            "source-reference": "master"
        },
        {
            "package": "cedriclombardot/admingenerator-activeadmintheme-bundle",
            "version": "dev-master",
            "source-reference": "2d77340d56572bb9e5103c1d2771621df6277888"
        },
        {
            "package": "cedriclombardot/admingenerator-generator-bundle",
            "version": "dev-master",
            "source-reference": "c074dbf1cbaf40a5600bdbd1429838bb63a6aa73"
        },
        {
            "package": "cedriclombardot/admingenerator-user-bundle",
            "version": "dev-master",
            "source-reference": "97862e4d7f69011781fbcea374e9d82fe3ad6729"
        },
        {
            "package": "cedriclombardot/twig-generator",
            "version": "dev-master",
            "source-reference": "5d0a63b8a55f02845b0eb20cfb338b161b25a582"
        },
        {
            "package": "doctrine/common",
            "version": "2.2.2"
        },
        {
            "package": "doctrine/data-fixtures",
            "version": "dev-master",
            "source-reference": "d233d05437c1a10034867f22069b4bb0f7dc96b6"
        },
        {
            "package": "doctrine/dbal",
            "version": "2.2.2"
        },
        {
            "package": "doctrine/doctrine-bundle",
            "version": "dev-master",
            "source-reference": "f100a7727b89ab5519ed68a72d29e75eb2c85d8b"
        },
        {
            "package": "doctrine/doctrine-fixtures-bundle",
            "version": "dev-master",
            "source-reference": "33b267d3068d6c2f8daa0b417285cf76e7f82fc4"
        },
        {
            "package": "doctrine/mongodb",
            "version": "dev-master",
            "source-reference": "1f667269e06f592fc593e2865b0cddbb4bbbe15b"
        },
        {
            "package": "doctrine/mongodb-odm",
            "version": "dev-master",
            "source-reference": "20e7318514a6570afe25738820bbd387c05a5c7c"
        },
        {
            "package": "doctrine/mongodb-odm-bundle",
            "version": "dev-master",
            "source-reference": "5996d29b4faf4f0bc416d1e8432bc92f655dff93"
        },
        {
            "package": "doctrine/orm",
            "version": "2.2.0"
        },
        {
            "package": "friendsofsymfony/user-bundle",
            "version": "dev-master",
            "source-reference": "14d5e7a18007c3bd34a7161fa1defd4ac1daa648"
        },
        {
            "package": "jms/aop-bundle",
            "version": "1.0.0"
        },
        {
            "package": "jms/cg",
            "version": "1.0.0"
        },
        {
            "package": "jms/metadata",
            "version": "1.1.1"
        },
        {
            "package": "jms/security-extra-bundle",
            "version": "dev-master",
            "source-reference": "b564463433aed66e9dddad8cbb761afff5a80cb4"
        },
        {
            "package": "knplabs/knp-menu",
            "version": "1.1.x-dev",
            "source-reference": "v1.1.2"
        },
        {
            "package": "knplabs/knp-menu-bundle",
            "version": "dev-master",
            "source-reference": "v1.1.0"
        },
        {
            "package": "kriswallsmith/assetic",
            "version": "dev-master",
            "source-reference": "8c76115503d23340e19b5cf6aa95f86663f7185f"
        },
        {
            "package": "monolog/monolog",
            "version": "1.1.0"
        },
        {
            "package": "pagerfanta/pagerfanta",
            "version": "dev-master",
            "source-reference": "c490684def33e992241e7fad33bcbd03d9d18643"
        },
        {
            "package": "phing",
            "version": "master",
            "source-reference": "master"
        },
        {
            "package": "phing/phing",
            "version": "2.4.12"
        },
        {
            "package": "propel/propel-bundle",
            "version": "1.1.x-dev",
            "source-reference": "bd4c79dd21f9cf5743753b5a31c066cb2c081c98"
        },
        {
            "package": "propel/propel1",
            "version": "dev-master",
            "alias-pretty-version": "1.6.x-dev",
            "alias-version": "1.6.9999999.9999999-dev"
        },
        {
            "package": "propel/propel1",
            "version": "dev-master",
            "source-reference": "197caf3845b5297fbc59da63ae426002e830c787"
        },
        {
            "package": "sensio/distribution-bundle",
            "version": "dev-master",
            "source-reference": "7d75b222c8e4ead64ff82e5c9b2fa3ba71c70cf0"
        },
        {
            "package": "sensio/framework-extra-bundle",
            "version": "dev-master",
            "source-reference": "e00b525b14784ea4f21c14945e58b4a76a530a6a"
        },
        {
            "package": "sensio/generator-bundle",
            "version": "dev-master",
            "source-reference": "55ad81e65a1023ae07c67075ca49c55556e047bf"
        },
        {
            "package": "swiftmailer/swiftmailer",
            "version": "dev-master",
            "alias-pretty-version": "4.1.x-dev",
            "alias-version": "4.1.9999999.9999999-dev"
        },
        {
            "package": "swiftmailer/swiftmailer",
            "version": "dev-master",
            "source-reference": "d33d54cc8a081b0b85734744936ede1ba230dd64"
        },
        {
            "package": "symfony/assetic-bundle",
            "version": "dev-master",
            "source-reference": "61c9f363e73b4ecbb72f81eb62675260a1132048"
        },
        {
            "package": "symfony/monolog-bundle",
            "version": "dev-master",
            "source-reference": "1231105826078c117e07e57d7f658141d6147d35"
        },
        {
            "package": "symfony/swiftmailer-bridge",
            "version": "dev-master",
            "source-reference": "408eb09f5799d393ddc3d916ec3667857fb3a20d"
        },
        {
            "package": "symfony/swiftmailer-bundle",
            "version": "dev-master",
            "source-reference": "71e1789868665cf94dc7831f645625fd0f70aac6"
        },
        {
            "package": "symfony/symfony",
            "version": "dev-master",
            "source-reference": "0995b1f28b80f91cfef7b3201840aa3dbcc66ae1"
        },
        {
            "package": "symfony/symfony",
            "version": "dev-master",
            "alias-pretty-version": "2.1.x-dev",
            "alias-version": "2.1.9999999.9999999-dev"
        },
        {
            "package": "twig/extensions",
            "version": "dev-master",
            "source-reference": "feb6d3f10c411e2631997c0a905aa581c80305c1"
        },
        {
            "package": "twig/twig",
            "version": "dev-master",
            "alias-pretty-version": "1.8.x-dev",
            "alias-version": "1.8.9999999.9999999-dev"
        },
        {
            "package": "twig/twig",
            "version": "dev-master",
            "source-reference": "d4511d02b45725a56c8cc49127244bca640c9d13"
        },
        {
            "package": "white-october/pagerfanta-bundle",
            "version": "dev-master",
            "source-reference": "25ef5581abb19749abc02296721098634fe56f3b"
        }
    ],
    "packages-dev": null,
    "aliases": [

    ],
    "minimum-stability": "dev",
    "stability-flags": {
        "doctrine/doctrine-bundle": 20,
        "doctrine/mongodb-odm-bundle": 20,
        "twig/extensions": 20,
        "symfony/assetic-bundle": 20,
        "symfony/swiftmailer-bundle": 20,
        "symfony/monolog-bundle": 20,
        "sensio/distribution-bundle": 20,
        "sensio/framework-extra-bundle": 20,
        "sensio/generator-bundle": 20,
        "jms/security-extra-bundle": 20,
        "friendsofsymfony/user-bundle": 20,
        "propel/propel-bundle": 20,
        "white-october/pagerfanta-bundle": 20,
        "doctrine/doctrine-fixtures-bundle": 20,
        "knplabs/knp-menu-bundle": 20,
        "cedriclombardot/admingenerator-generator-bundle": 20,
        "cedriclombardot/admingenerator-activeadmintheme-bundle": 20,
        "cedriclombardot/admingenerator-user-bundle": 20
    }
}
