{
    "hash": "9edd07045c56c7f40d12073365387609",
    "packages": [
        {
            "package": "TypehintableBehavior",
            "version": "master",
            "source-reference": "master"
        },
        {
            "package": "cedriclombardot/admingenerator-activeadmintheme-bundle",
            "version": "dev-master",
            "source-reference": "4fedc132254cb934dac3ac857a379eb3794b0cf9"
        },
        {
            "package": "cedriclombardot/admingenerator-generator-bundle",
            "version": "dev-master",
            "source-reference": "46102706de6eca5df709cd561cbfee892a37aaaf"
        },
        {
            "package": "cedriclombardot/admingenerator-user-bundle",
            "version": "dev-master",
            "source-reference": "97862e4d7f69011781fbcea374e9d82fe3ad6729"
        },
        {
            "package": "cedriclombardot/twig-generator",
            "version": "dev-master",
            "source-reference": "d7c6d11244627bba334ad77f18e4fe894a5293ed"
        },
        {
            "package": "doctrine/common",
            "version": "2.2.1"
        },
        {
            "package": "doctrine/data-fixtures",
            "version": "dev-master",
            "source-reference": "aea0b95a554188892f10d8f09ce3ae8150f28f8b"
        },
        {
            "package": "doctrine/dbal",
            "version": "2.2.1"
        },
        {
            "package": "doctrine/doctrine-bundle",
            "version": "dev-master",
            "source-reference": "08f1764e860b684d7574448a6840b08804a516d9"
        },
        {
            "package": "doctrine/doctrine-fixtures-bundle",
            "version": "dev-master",
            "source-reference": "0e4e56b1da7981bcc7729e0f301a75195d34df18"
        },
        {
            "package": "doctrine/mongodb",
            "version": "dev-master",
            "source-reference": "727a12d25ba12d18aa293bc6eb61f203a9545912"
        },
        {
            "package": "doctrine/mongodb-odm",
            "version": "dev-master",
            "source-reference": "bba938ee566f9942bb0adf6fb07f77e94671df2b"
        },
        {
            "package": "doctrine/mongodb-odm-bundle",
            "version": "dev-master",
            "source-reference": "61f34e19bb3412372a09a0b214436d91232b447f"
        },
        {
            "package": "doctrine/orm",
            "version": "2.2.0"
        },
        {
            "package": "friendsofsymfony/user-bundle",
            "version": "dev-master",
            "source-reference": "342f78a6f973a646642960ad800726b499577e26"
        },
        {
            "package": "jms/aop-bundle",
            "version": "1.0.0"
        },
        {
            "package": "jms/cg",
            "version": "1.0.0"
        },
        {
            "package": "jms/metadata",
            "version": "1.1.1"
        },
        {
            "package": "jms/security-extra-bundle",
            "version": "dev-master",
            "source-reference": "a636402a8cb1893202f6f67231923cd36ef96e60"
        },
        {
            "package": "knplabs/knp-menu",
            "version": "dev-master",
            "source-reference": "f7970583d4da8776c037e2d49878d8160361e373"
        },
        {
            "package": "knplabs/knp-menu-bundle",
            "version": "dev-master",
            "source-reference": "c20933d2b988a3bd0944a0fd9e00068c30f0d27f"
        },
        {
            "package": "kriswallsmith/assetic",
            "version": "dev-master",
            "source-reference": "2634d29cc193981761e3daf28e1afc6358bb43b1"
        },
        {
            "package": "monolog/monolog",
            "version": "1.0.2"
        },
        {
            "package": "pagerfanta/pagerfanta",
            "version": "dev-master",
            "source-reference": "c490684def33e992241e7fad33bcbd03d9d18643"
        },
        {
            "package": "phing",
            "version": "master",
            "source-reference": "master"
        },
        {
            "package": "propel/propel-bundle",
            "version": "dev-master",
            "source-reference": "e15eccc0cded18133cb4e2162eb3623300fea43b"
        },
        {
            "package": "propel/propel1",
            "version": "dev-master",
            "source-reference": "89d686ed21eede552e5a6d3ceb45813bb3dd24ea"
        },
        {
            "package": "sensio/distribution-bundle",
            "version": "dev-master",
            "source-reference": "e78f65f36b27ba07b1e44241b4cf5443e80d7bd5"
        },
        {
            "package": "sensio/framework-extra-bundle",
            "version": "dev-master",
            "source-reference": "7e1e52a241558264253179bb790f4c5d25544fb4"
        },
        {
            "package": "sensio/generator-bundle",
            "version": "dev-master",
            "source-reference": "3d16db1631a3648d1b6662efe6de32735118b1da"
        },
        {
            "package": "swiftmailer/swiftmailer",
            "version": "4.1.6"
        },
        {
            "package": "symfony/assetic-bundle",
            "version": "dev-master",
            "source-reference": "b9cff021abc3d9433a892fa9908d9856393c0d09"
        },
        {
            "package": "symfony/monolog-bundle",
            "version": "dev-master",
            "source-reference": "289442e385e7c0fe4aa2e8884d11e774a8f9ad99"
        },
        {
            "package": "symfony/swiftmailer-bridge",
            "version": "dev-master",
            "source-reference": "23b8d5c049bb3dfb67ec04bbea09464da27c4ec7"
        },
        {
            "package": "symfony/swiftmailer-bundle",
            "version": "dev-master",
            "source-reference": "75f8f95c201922a966274547131b33291d15d51b"
        },
        {
            "package": "symfony/symfony",
            "version": "dev-master",
            "source-reference": "3e9512643704cda42934e27b9c1f82631f45ebba"
        },
        {
            "package": "twig/extensions",
            "version": "dev-master",
            "source-reference": "1dfff8e793f50f651c4f74f796c2c68a4aee3147"
        },
        {
            "package": "twig/twig",
            "version": "1.6.3"
        },
        {
            "package": "white-october/pagerfanta-bundle",
            "version": "dev-master",
            "source-reference": "60d98f508010b0fab6a93bf079be39f4c9537f7c"
        }
    ],
    "aliases": []
}
