symfony 6924e63587466c865ca8dc746ff3fcf5cd1a1dcf
twig 4a5057997d6d3ffacb2dad1550972a244d459ab8
monolog b704c49a3051536f67f2d39f13568f74615b9922
doctrine-common daf139c8a28904143c647979fa8c621fdfd97143
doctrine-dbal 23d2950c130c00b6589b216679ed036052d6963a
doctrine 2f6b930a8d418fc34572de1867806a63c34abc6d
DoctrineMongoDBBundle 43d555227e3a2d6962b68ad717de78b3628cf484
doctrine-mongodb-odm 7e9a10e7a2c528a361534a42e19d56f87bd5e2fd
doctrine-mongodb f3bc6e55de215d3c2f924319cba6c6f8aba4123c
doctrine-fixtures cb562b44e74d67cc56022ebd7c4e741294f434d2
DoctrineFixturesBundle a66be2f077f3a4e5c3801b356b42b8782f1abbd6
swiftmailer 8c3165691e36302405926abbae7526549db8b899
assetic f829ad23d23c87480151a21faad49fefe7c09e5d
twig-extensions 3076c971976e1baaf86e5820c7a1da3f5c1c14eb
metadata 97a9d29120d5cfe93550609a93135dbed3f89be3
SensioFrameworkExtraBundle 02d973b55a35b9578e1a20d4537213b24db687cf
JMSSecurityExtraBundle 31bc5a00e3ea6582894b55bff6cd0764e7c49a71
cg-library b10707095ae95b1190d0f445c37718e07982dbcc
JMSAopBundle 19856aedb285d3731334f8f7327af0020ab4914b
SensioDistributionBundle 64ae64795c794e34d964a67e76f0584444189fc2
SensioGeneratorBundle c6af9719ae9e81fa4e086f40697d35e7090921cc
AsseticBundle aec2e66a02c72573694db772b7758c5808e25750
Admingenerator 371b2e71b03b5f57eccd99e0fb420a4fcc428f18
AdmingeneratorUserBundle 8083144b700239eb26acde81fe495b002975efb6
AdmingeneratorActiveAdminThemeBundle d55eeede58f63a42899d765ae13c058119de2d5a
Pagerfanta 931bebe329c89935d1635ac132d864abdcb23e0f
WhiteOctoberPagerfantaBundle 0162c3019517e044fc4dcd82b454fc7945feb92f
Behat ffec3e6f2bc4f94a3b3a953fed58d76902b08e59
Gherkin 31c74cb8dea750d81a3a6692bf5daacd3b9cc1e3
Mink 5ece94bd2cc5ba7a32c04fdc24f5decb0e058b5a
BehatBundle 7c33743688e5d679c39bec6d07b2bab0acb23574
MinkBundle 7eb016464704d08938a6f1076f4611e43ffdea65
MenuBundle a5fbd817e2e5e2d698b848ec430e14284cc94488
KnpMenu 70764d2d3d47ebcdd7d8ec274d7089fdd7e1342d
PropelBundle ab1bec19bd7357efd515927c3653b5bd019e2ba7
phing 1fd92c78f14a02b3e1cd9c59c7a08b4cab532d33
propel 09cbfbcf9dd9666a7dba0ef16370b36e80e2ded6
FOSUserBundle bb0029624ca26a73beeb03aa6d89c37d3d09db7a
TwigGenerator 00eb8aaedcaf8fb46a6a809f20f550ff7455c74a