symfony c18f5a8d94d274d462200b135e1d739ee93cbbd1
twig 4a5057997d6d3ffacb2dad1550972a244d459ab8
monolog b704c49a3051536f67f2d39f13568f74615b9922
doctrine-common b44ea1dc14e9bbb1a39b37a39875f7a8d4351b82
doctrine-dbal ce227fa83e684aeb9d5bc7fa7bdfc5170f91c400
doctrine d532de9da3e1a413302540a407d6e73da8cdf39e
DoctrineMongoDBBundle fd72679a24c2ca2b1cc8de00514579e5a1b54751
doctrine-mongodb-odm a81cfd1044e2295e0e244f3bb93a0ecb57b65148
doctrine-mongodb 85a573991ba96971b20fc9651f627d249e55d68a
doctrine-fixtures 3ef3f667cc7a4552beee2fc4abefd4da1a43557c
DoctrineFixturesBundle a66be2f077f3a4e5c3801b356b42b8782f1abbd6
swiftmailer 8c3165691e36302405926abbae7526549db8b899
assetic f829ad23d23c87480151a21faad49fefe7c09e5d
twig-extensions eba4f5d572bec05c72a47bbd73ba0a3330cf8f54
metadata b633dd5cf8997c27e8a4942108aede2a998606a5
SensioFrameworkExtraBundle b6565d32d71325be1f56943a8758b18f5999de8c
JMSSecurityExtraBundle 52dead53b02b1d6554f58c4bd45a6c534485ee48
cg-library 07dc64df71b926ec12e9c50c8860fe8b7818b81b
JMSAopBundle 16106fc6297a6257f5860af4c5099bba4a859128
SensioDistributionBundle a186b53154bc137a65802ef567e4a2eee2082d21
SensioGeneratorBundle 2016dd4752ec52990b3fb304d68422eab3b1e8e0
AsseticBundle bf731e4169343afaaf2225e6490ef8f738d8a45f
Admingenerator c222c08065b6f7e30d2ad1ed170934a2c48296c1
AdmingeneratorUserBundle 8083144b700239eb26acde81fe495b002975efb6
AdmingeneratorActiveAdminThemeBundle 5ad971aebfe38605cf8cc4dc1305548fda65d36e
Pagerfanta ae948d491a4b7461095d014398db10ecd998f4d8
WhiteOctoberPagerfantaBundle b1fe46d6a1fca89153560f8c463ad535566ba45e
Behat fea09171038cd1ce034871427e0de3ed331b5119
Gherkin ebf711c78542c83a98c65d1ab0ce8002afd616e5
Mink d0c2d91e462562f526721508c4f91ed0c47115ca
BehatBundle 628eb52b0f213f00cb8251fa636e899d6ddf1751
MinkBundle c242438434602dfb44a86548fa61749034d83ffd
MenuBundle ad44889edc68fce494a84f74156e9a8ba2fedf7c
KnpMenu ef1f54734e490f0e02b43e0158fc4b1dbbccee27
PropelBundle b4724a766a8a3270540cf2d43286aa3f1bd99b92
phing 1fd92c78f14a02b3e1cd9c59c7a08b4cab532d33
propel 6ccbebfbb5e65ef2efdf27ed8c8326a06f41e473
FOSUserBundle 47f3a7a522f2892c8e12d529e9af041888f044aa