symfony 9356be3a1baee5986c4df8f0567be920894bc173
twig 01f733f4b5407a7a2cc97f2b6dc269c8432da022
monolog b704c49a3051536f67f2d39f13568f74615b9922
doctrine-common fc26d10d97dc773923a8d561e9301c3c73b9cc70
doctrine-dbal c8835edf74854426b0039f0535204718e75e3b7a
doctrine 55a9e1e90cf073c3eb2f9646496a849c9f3a0359
DoctrineMongoDBBundle b1a94363608de15dab793840feb249ffe79def18
doctrine-mongodb-odm e8c0bfb975a5e0cab5316340c9051a54ed2d4d32
doctrine-mongodb d7fdcff25b9534e67abbd557bf75250cbef62b31
doctrine-fixtures ffee818a6e3af526b774de11b690a36512fa6235
DoctrineFixturesBundle 0e4e56b1da7981bcc7729e0f301a75195d34df18
swiftmailer 8c3165691e36302405926abbae7526549db8b899
assetic f829ad23d23c87480151a21faad49fefe7c09e5d
twig-extensions 1dfff8e793f50f651c4f74f796c2c68a4aee3147
metadata 7d97f1725063f04ef1894a86740b261daf229b89
SensioFrameworkExtraBundle 1b0ca00361050760f14f70be6f3a31f125211f3d
JMSSecurityExtraBundle e1aa5d62eb48c7bed4ba69754fb3e026fab66074
cg-library 13714f7ba832080e11f65c077c495439d68b62d1
JMSAopBundle 431569cae2005e42fe502a55165a7b1fb9593bf3
SensioDistributionBundle f00c99854ff161b006a200d8dffa0013981d5373
SensioGeneratorBundle fe924497677ea41d0d09f0c011e55142bda12cd7
AsseticBundle 3f7fa91ca28c0d142c47bccb7a6b8c84d6f028fb
Admingenerator f247677e3f1e655e94a23c2240a93797e20499a2
AdmingeneratorUserBundle 20ba706ff0675211d731718388ca6968b352b2e7
AdmingeneratorActiveAdminThemeBundle e4d7fdeeb327ab4ac913b21a37aa7cb7d466bcc2
Pagerfanta c490684def33e992241e7fad33bcbd03d9d18643
WhiteOctoberPagerfantaBundle 60d98f508010b0fab6a93bf079be39f4c9537f7c
Behat 5a01a4190d2c2f2f1a9f0df3e080ddecdc80b6fc
Gherkin 8a1a28eb9071d3c30065eae4e38b105e775b202a
Mink 0371368e112e780e2d4054662eac73b80ad802b0
BehatBundle 55ede38ec9694d67c7bc51e910f7009978421a56
MinkBundle 788e4a170ab037bf810a26d2b25bfdb7b496df66
MenuBundle 462b7b40e5c17813a6d14929d7bca7d0511c7736
KnpMenu f818c58d89885c5eb1e305f5b7360588fd49fbab
PropelBundle 566472cc9bb5fe4e6fd58ee1d36275584b9744ab
phing 1fd92c78f14a02b3e1cd9c59c7a08b4cab532d33
propel 9d0251f852b0941024a8998edc019602bc3a83fe
TypehintableBehavior 76987030b66a6d6083b9bc5ea185172a36b73e78
FOSUserBundle b11909f63db99be33b37a61270b8642785eec4e5
TwigGenerator 0b7e7690f6d5fbbda4f14e6f4f115812023e6338
DoctrineBundle f530057767ee4b67ebaca4c1673bcdb65844f7ae
MonologBundle bc649c0ab6e0f9cba2cac083c8db8c7bb2e65900